{
  "name": "vsts-node-api-samples",
  "version": "1.0.0",
  "lockfileVersion": 1,
  "requires": true,
  "dependencies": {
    "azure-devops-node-api": {
      "version": "file:../_build",
      "requires": {
        "tunnel": "0.0.6",
        "typed-rest-client": "1.2.0",
        "underscore": "1.8.3"
      },
      "dependencies": {
        "tunnel": {
          "version": "0.0.6",
          "bundled": true
        },
        "typed-rest-client": {
          "version": "1.2.0",
          "bundled": true,
          "requires": {
            "tunnel": "0.0.4",
            "underscore": "1.8.3"
          },
          "dependencies": {
            "tunnel": {
              "version": "0.0.4",
              "resolved": "https://registry.npmjs.org/tunnel/-/tunnel-0.0.4.tgz",
              "integrity": "sha1-LTeFoVjBdMmhbcLARuxfxfF0IhM="
            }
          }
        },
        "underscore": {
          "version": "1.8.3",
          "bundled": true
        }
      }
    }
  }
}
